lockfileVersion: '6.0'

settings:
  autoInstallPeers: true
  excludeLinksFromLockfile: false

devDependencies:
  simple-git-hooks:
    specifier: ^2.9.0
    version: 2.9.0

packages:

  /simple-git-hooks@2.9.0:
    resolution: {integrity: sha512-waSQ5paUQtyGC0ZxlHmcMmD9I1rRXauikBwX31bX58l5vTOhCEcBC5Bi+ZDkPXTjDnZAF8TbCqKBY+9+sVPScw==}
    hasBin: true
    requiresBuild: true
    dev: true
